
Microsoft Visual Studio Solution File, Format Version 12.00
# Visual Studio Version 16
VisualStudioVersion = 16.0.29009.5
MinimumVisualStudioVersion = 10.0.40219.1
Project("{9A19103F-16F7-4668-BE54-9A1E7A4F7556}") = "RPG Item Generator", "RPG Item Generator\RPG Item Generator.csproj", "{509BF96C-4C42-4855-A64B-EBC0B9F509AA}"
EndProject
Global
	GlobalSection(SolutionConfigurationPlatforms) = preSolution
		Debug|Any CPU = Debug|Any CPU
		Release|Any CPU = Release|Any CPU
	EndGlobalSection
	GlobalSection(ProjectConfigurationPlatforms) = postSolution
		{509BF96C-4C42-4855-A64B-EBC0B9F509AA}.Debug|Any CPU.ActiveCfg = Debug|Any CPU
		{509BF96C-4C42-4855-A64B-EBC0B9F509AA}.Debug|Any CPU.Build.0 = Debug|Any CPU
		{509BF96C-4C42-4855-A64B-EBC0B9F509AA}.Release|Any CPU.ActiveCfg = Release|Any CPU
		{509BF96C-4C42-4855-A64B-EBC0B9F509AA}.Release|Any CPU.Build.0 = Release|Any CPU
	EndGlobalSection
	GlobalSection(SolutionProperties) = preSolution
		HideSolutionNode = FALSE
	EndGlobalSection
	GlobalSection(ExtensibilityGlobals) = postSolution
		SolutionGuid = {D2E4FB7A-1A28-47ED-BCFC-8BE6C25BC5B1}
	EndGlobalSection
EndGlobal
